
Microsoft Visual Studio Solution File, Format Version 12.00
# Visual Studio Version 16
VisualStudioVersion = 16.0.30021.99
MinimumVisualStudioVersion = 15.0.26124.0
Project("{9A19103F-16F7-4668-BE54-9A1E7A4F7556}") = "Translation.Plugins.Api", "Translation.Plugins.Api\Translation.Plugins.Api.csproj", "{FA127953-F679-4979-B65F-907CEFA30CC5}"
EndProject
Project("{9A19103F-16F7-4668-BE54-9A1E7A4F7556}") = "Translation.Plugin.Contract", "Translation.Plugin.Contract\Translation.Plugin.Contract.csproj", "{56835641-1972-4C63-BA06-8148099FC150}"
EndProject
Project("{2150E333-8FDC-42A3-9474-1A3956D46DE8}") = "Plugins", "Plugins", "{E4E53147-6B1D-4492-B532-0425874E86EB}"
EndProject
Project("{9A19103F-16F7-4668-BE54-9A1E7A4F7556}") = "Translation.Plugin.Google", "Translation.Plugin.Google\Translation.Plugin.Google.csproj", "{7D7FB91C-86F0-4291-BEA3-1DD3E3EF0B5F}"
EndProject
Project("{9A19103F-16F7-4668-BE54-9A1E7A4F7556}") = "Translation.Plugin.IBMWatson", "Translation.Plugin.IBMWatson\Translation.Plugin.IBMWatson.csproj", "{74EEFC93-D5A5-4B7D-B524-275C724986A1}"
EndProject
Project("{9A19103F-16F7-4668-BE54-9A1E7A4F7556}") = "Translation.Plugin.Microsoft", "Translation.Plugin.Microsoft\Translation.Plugin.Microsoft.csproj", "{6BC4C1EC-13FE-424F-A688-D8BA9DAFE263}"
EndProject
Project("{9A19103F-16F7-4668-BE54-9A1E7A4F7556}") = "Translation.Plugin.Yandex", "Translation.Plugin.Yandex\Translation.Plugin.Yandex.csproj", "{741FB455-3CB5-432D-B067-4B8F73985807}"
EndProject
Project("{9A19103F-16F7-4668-BE54-9A1E7A4F7556}") = "Translation.Plugins.Util", "Translation.Plugins.Util\Translation.Plugins.Util.csproj", "{34544262-4A42-4C60-A3E1-CCED66316422}"
EndProject
Project("{9A19103F-16F7-4668-BE54-9A1E7A4F7556}") = "Prise", "..\..\Prise\src\Prise\Prise.csproj", "{1ED10D7A-1031-46AB-A30F-722421FE932A}"
EndProject
Project("{9A19103F-16F7-4668-BE54-9A1E7A4F7556}") = "Prise.AssemblyScanning", "..\..\Prise\src\Prise.AssemblyScanning\Prise.AssemblyScanning.csproj", "{716AC1B2-CCD4-49B1-B794-5709B810F7B7}"
EndProject
Project("{9A19103F-16F7-4668-BE54-9A1E7A4F7556}") = "Prise.AssemblyScanning.Discovery", "..\..\Prise\src\Prise.AssemblyScanning.Discovery\Prise.AssemblyScanning.Discovery.csproj", "{6C923775-54C2-4A88-8D1A-44B94CCDE9C6}"
EndProject
Project("{9A19103F-16F7-4668-BE54-9A1E7A4F7556}") = "Prise.Proxy", "..\..\Prise\src\Prise.Proxy\Prise.Proxy.csproj", "{B177D848-C10D-4B38-AE7E-366DD960BC3C}"
EndProject
Global
	GlobalSection(SolutionConfigurationPlatforms) = preSolution
		Debug|Any CPU = Debug|Any CPU
		Debug|x64 = Debug|x64
		Debug|x86 = Debug|x86
		Release|Any CPU = Release|Any CPU
		Release|x64 = Release|x64
		Release|x86 = Release|x86
	EndGlobalSection
	GlobalSection(ProjectConfigurationPlatforms) = postSolution
		{FA127953-F679-4979-B65F-907CEFA30CC5}.Debug|Any CPU.ActiveCfg = Debug|Any CPU
		{FA127953-F679-4979-B65F-907CEFA30CC5}.Debug|Any CPU.Build.0 = Debug|Any CPU
		{FA127953-F679-4979-B65F-907CEFA30CC5}.Debug|x64.ActiveCfg = Debug|Any CPU
		{FA127953-F679-4979-B65F-907CEFA30CC5}.Debug|x64.Build.0 = Debug|Any CPU
		{FA127953-F679-4979-B65F-907CEFA30CC5}.Debug|x86.ActiveCfg = Debug|Any CPU
		{FA127953-F679-4979-B65F-907CEFA30CC5}.Debug|x86.Build.0 = Debug|Any CPU
		{FA127953-F679-4979-B65F-907CEFA30CC5}.Release|Any CPU.ActiveCfg = Release|Any CPU
		{FA127953-F679-4979-B65F-907CEFA30CC5}.Release|Any CPU.Build.0 = Release|Any CPU
		{FA127953-F679-4979-B65F-907CEFA30CC5}.Release|x64.ActiveCfg = Release|Any CPU
		{FA127953-F679-4979-B65F-907CEFA30CC5}.Release|x64.Build.0 = Release|Any CPU
		{FA127953-F679-4979-B65F-907CEFA30CC5}.Release|x86.ActiveCfg = Release|Any CPU
		{FA127953-F679-4979-B65F-907CEFA30CC5}.Release|x86.Build.0 = Release|Any CPU
		{56835641-1972-4C63-BA06-8148099FC150}.Debug|Any CPU.ActiveCfg = Debug|Any CPU
		{56835641-1972-4C63-BA06-8148099FC150}.Debug|Any CPU.Build.0 = Debug|Any CPU
		{56835641-1972-4C63-BA06-8148099FC150}.Debug|x64.ActiveCfg = Debug|Any CPU
		{56835641-1972-4C63-BA06-8148099FC150}.Debug|x64.Build.0 = Debug|Any CPU
		{56835641-1972-4C63-BA06-8148099FC150}.Debug|x86.ActiveCfg = Debug|Any CPU
		{56835641-1972-4C63-BA06-8148099FC150}.Debug|x86.Build.0 = Debug|Any CPU
		{56835641-1972-4C63-BA06-8148099FC150}.Release|Any CPU.ActiveCfg = Release|Any CPU
		{56835641-1972-4C63-BA06-8148099FC150}.Release|Any CPU.Build.0 = Release|Any CPU
		{56835641-1972-4C63-BA06-8148099FC150}.Release|x64.ActiveCfg = Release|Any CPU
		{56835641-1972-4C63-BA06-8148099FC150}.Release|x64.Build.0 = Release|Any CPU
		{56835641-1972-4C63-BA06-8148099FC150}.Release|x86.ActiveCfg = Release|Any CPU
		{56835641-1972-4C63-BA06-8148099FC150}.Release|x86.Build.0 = Release|Any CPU
		{7D7FB91C-86F0-4291-BEA3-1DD3E3EF0B5F}.Debug|Any CPU.ActiveCfg = Debug|Any CPU
		{7D7FB91C-86F0-4291-BEA3-1DD3E3EF0B5F}.Debug|Any CPU.Build.0 = Debug|Any CPU
		{7D7FB91C-86F0-4291-BEA3-1DD3E3EF0B5F}.Debug|x64.ActiveCfg = Debug|Any CPU
		{7D7FB91C-86F0-4291-BEA3-1DD3E3EF0B5F}.Debug|x64.Build.0 = Debug|Any CPU
		{7D7FB91C-86F0-4291-BEA3-1DD3E3EF0B5F}.Debug|x86.ActiveCfg = Debug|Any CPU
		{7D7FB91C-86F0-4291-BEA3-1DD3E3EF0B5F}.Debug|x86.Build.0 = Debug|Any CPU
		{7D7FB91C-86F0-4291-BEA3-1DD3E3EF0B5F}.Release|Any CPU.ActiveCfg = Release|Any CPU
		{7D7FB91C-86F0-4291-BEA3-1DD3E3EF0B5F}.Release|Any CPU.Build.0 = Release|Any CPU
		{7D7FB91C-86F0-4291-BEA3-1DD3E3EF0B5F}.Release|x64.ActiveCfg = Release|Any CPU
		{7D7FB91C-86F0-4291-BEA3-1DD3E3EF0B5F}.Release|x64.Build.0 = Release|Any CPU
		{7D7FB91C-86F0-4291-BEA3-1DD3E3EF0B5F}.Release|x86.ActiveCfg = Release|Any CPU
		{7D7FB91C-86F0-4291-BEA3-1DD3E3EF0B5F}.Release|x86.Build.0 = Release|Any CPU
		{74EEFC93-D5A5-4B7D-B524-275C724986A1}.Debug|Any CPU.ActiveCfg = Debug|Any CPU
		{74EEFC93-D5A5-4B7D-B524-275C724986A1}.Debug|Any CPU.Build.0 = Debug|Any CPU
		{74EEFC93-D5A5-4B7D-B524-275C724986A1}.Debug|x64.ActiveCfg = Debug|Any CPU
		{74EEFC93-D5A5-4B7D-B524-275C724986A1}.Debug|x64.Build.0 = Debug|Any CPU
		{74EEFC93-D5A5-4B7D-B524-275C724986A1}.Debug|x86.ActiveCfg = Debug|Any CPU
		{74EEFC93-D5A5-4B7D-B524-275C724986A1}.Debug|x86.Build.0 = Debug|Any CPU
		{74EEFC93-D5A5-4B7D-B524-275C724986A1}.Release|Any CPU.ActiveCfg = Release|Any CPU
		{74EEFC93-D5A5-4B7D-B524-275C724986A1}.Release|Any CPU.Build.0 = Release|Any CPU
		{74EEFC93-D5A5-4B7D-B524-275C724986A1}.Release|x64.ActiveCfg = Release|Any CPU
		{74EEFC93-D5A5-4B7D-B524-275C724986A1}.Release|x64.Build.0 = Release|Any CPU
		{74EEFC93-D5A5-4B7D-B524-275C724986A1}.Release|x86.ActiveCfg = Release|Any CPU
		{74EEFC93-D5A5-4B7D-B524-275C724986A1}.Release|x86.Build.0 = Release|Any CPU
		{6BC4C1EC-13FE-424F-A688-D8BA9DAFE263}.Debug|Any CPU.ActiveCfg = Debug|Any CPU
		{6BC4C1EC-13FE-424F-A688-D8BA9DAFE263}.Debug|Any CPU.Build.0 = Debug|Any CPU
		{6BC4C1EC-13FE-424F-A688-D8BA9DAFE263}.Debug|x64.ActiveCfg = Debug|Any CPU
		{6BC4C1EC-13FE-424F-A688-D8BA9DAFE263}.Debug|x64.Build.0 = Debug|Any CPU
		{6BC4C1EC-13FE-424F-A688-D8BA9DAFE263}.Debug|x86.ActiveCfg = Debug|Any CPU
		{6BC4C1EC-13FE-424F-A688-D8BA9DAFE263}.Debug|x86.Build.0 = Debug|Any CPU
		{6BC4C1EC-13FE-424F-A688-D8BA9DAFE263}.Release|Any CPU.ActiveCfg = Release|Any CPU
		{6BC4C1EC-13FE-424F-A688-D8BA9DAFE263}.Release|Any CPU.Build.0 = Release|Any CPU
		{6BC4C1EC-13FE-424F-A688-D8BA9DAFE263}.Release|x64.ActiveCfg = Release|Any CPU
		{6BC4C1EC-13FE-424F-A688-D8BA9DAFE263}.Release|x64.Build.0 = Release|Any CPU
		{6BC4C1EC-13FE-424F-A688-D8BA9DAFE263}.Release|x86.ActiveCfg = Release|Any CPU
		{6BC4C1EC-13FE-424F-A688-D8BA9DAFE263}.Release|x86.Build.0 = Release|Any CPU
		{741FB455-3CB5-432D-B067-4B8F73985807}.Debug|Any CPU.ActiveCfg = Debug|Any CPU
		{741FB455-3CB5-432D-B067-4B8F73985807}.Debug|Any CPU.Build.0 = Debug|Any CPU
		{741FB455-3CB5-432D-B067-4B8F73985807}.Debug|x64.ActiveCfg = Debug|Any CPU
		{741FB455-3CB5-432D-B067-4B8F73985807}.Debug|x64.Build.0 = Debug|Any CPU
		{741FB455-3CB5-432D-B067-4B8F73985807}.Debug|x86.ActiveCfg = Debug|Any CPU
		{741FB455-3CB5-432D-B067-4B8F73985807}.Debug|x86.Build.0 = Debug|Any CPU
		{741FB455-3CB5-432D-B067-4B8F73985807}.Release|Any CPU.ActiveCfg = Release|Any CPU
		{741FB455-3CB5-432D-B067-4B8F73985807}.Release|Any CPU.Build.0 = Release|Any CPU
		{741FB455-3CB5-432D-B067-4B8F73985807}.Release|x64.ActiveCfg = Release|Any CPU
		{741FB455-3CB5-432D-B067-4B8F73985807}.Release|x64.Build.0 = Release|Any CPU
		{741FB455-3CB5-432D-B067-4B8F73985807}.Release|x86.ActiveCfg = Release|Any CPU
		{741FB455-3CB5-432D-B067-4B8F73985807}.Release|x86.Build.0 = Release|Any CPU
		{34544262-4A42-4C60-A3E1-CCED66316422}.Debug|Any CPU.ActiveCfg = Debug|Any CPU
		{34544262-4A42-4C60-A3E1-CCED66316422}.Debug|Any CPU.Build.0 = Debug|Any CPU
		{34544262-4A42-4C60-A3E1-CCED66316422}.Debug|x64.ActiveCfg = Debug|Any CPU
		{34544262-4A42-4C60-A3E1-CCED66316422}.Debug|x64.Build.0 = Debug|Any CPU
		{34544262-4A42-4C60-A3E1-CCED66316422}.Debug|x86.ActiveCfg = Debug|Any CPU
		{34544262-4A42-4C60-A3E1-CCED66316422}.Debug|x86.Build.0 = Debug|Any CPU
		{34544262-4A42-4C60-A3E1-CCED66316422}.Release|Any CPU.ActiveCfg = Release|Any CPU
		{34544262-4A42-4C60-A3E1-CCED66316422}.Release|Any CPU.Build.0 = Release|Any CPU
		{34544262-4A42-4C60-A3E1-CCED66316422}.Release|x64.ActiveCfg = Release|Any CPU
		{34544262-4A42-4C60-A3E1-CCED66316422}.Release|x64.Build.0 = Release|Any CPU
		{34544262-4A42-4C60-A3E1-CCED66316422}.Release|x86.ActiveCfg = Release|Any CPU
		{34544262-4A42-4C60-A3E1-CCED66316422}.Release|x86.Build.0 = Release|Any CPU
		{1ED10D7A-1031-46AB-A30F-722421FE932A}.Debug|Any CPU.ActiveCfg = Debug|Any CPU
		{1ED10D7A-1031-46AB-A30F-722421FE932A}.Debug|Any CPU.Build.0 = Debug|Any CPU
		{1ED10D7A-1031-46AB-A30F-722421FE932A}.Debug|x64.ActiveCfg = Debug|Any CPU
		{1ED10D7A-1031-46AB-A30F-722421FE932A}.Debug|x64.Build.0 = Debug|Any CPU
		{1ED10D7A-1031-46AB-A30F-722421FE932A}.Debug|x86.ActiveCfg = Debug|Any CPU
		{1ED10D7A-1031-46AB-A30F-722421FE932A}.Debug|x86.Build.0 = Debug|Any CPU
		{1ED10D7A-1031-46AB-A30F-722421FE932A}.Release|Any CPU.ActiveCfg = Release|Any CPU
		{1ED10D7A-1031-46AB-A30F-722421FE932A}.Release|Any CPU.Build.0 = Release|Any CPU
		{1ED10D7A-1031-46AB-A30F-722421FE932A}.Release|x64.ActiveCfg = Release|Any CPU
		{1ED10D7A-1031-46AB-A30F-722421FE932A}.Release|x64.Build.0 = Release|Any CPU
		{1ED10D7A-1031-46AB-A30F-722421FE932A}.Release|x86.ActiveCfg = Release|Any CPU
		{1ED10D7A-1031-46AB-A30F-722421FE932A}.Release|x86.Build.0 = Release|Any CPU
		{716AC1B2-CCD4-49B1-B794-5709B810F7B7}.Debug|Any CPU.ActiveCfg = Debug|Any CPU
		{716AC1B2-CCD4-49B1-B794-5709B810F7B7}.Debug|Any CPU.Build.0 = Debug|Any CPU
		{716AC1B2-CCD4-49B1-B794-5709B810F7B7}.Debug|x64.ActiveCfg = Debug|Any CPU
		{716AC1B2-CCD4-49B1-B794-5709B810F7B7}.Debug|x64.Build.0 = Debug|Any CPU
		{716AC1B2-CCD4-49B1-B794-5709B810F7B7}.Debug|x86.ActiveCfg = Debug|Any CPU
		{716AC1B2-CCD4-49B1-B794-5709B810F7B7}.Debug|x86.Build.0 = Debug|Any CPU
		{716AC1B2-CCD4-49B1-B794-5709B810F7B7}.Release|Any CPU.ActiveCfg = Release|Any CPU
		{716AC1B2-CCD4-49B1-B794-5709B810F7B7}.Release|Any CPU.Build.0 = Release|Any CPU
		{716AC1B2-CCD4-49B1-B794-5709B810F7B7}.Release|x64.ActiveCfg = Release|Any CPU
		{716AC1B2-CCD4-49B1-B794-5709B810F7B7}.Release|x64.Build.0 = Release|Any CPU
		{716AC1B2-CCD4-49B1-B794-5709B810F7B7}.Release|x86.ActiveCfg = Release|Any CPU
		{716AC1B2-CCD4-49B1-B794-5709B810F7B7}.Release|x86.Build.0 = Release|Any CPU
		{6C923775-54C2-4A88-8D1A-44B94CCDE9C6}.Debug|Any CPU.ActiveCfg = Debug|Any CPU
		{6C923775-54C2-4A88-8D1A-44B94CCDE9C6}.Debug|Any CPU.Build.0 = Debug|Any CPU
		{6C923775-54C2-4A88-8D1A-44B94CCDE9C6}.Debug|x64.ActiveCfg = Debug|Any CPU
		{6C923775-54C2-4A88-8D1A-44B94CCDE9C6}.Debug|x64.Build.0 = Debug|Any CPU
		{6C923775-54C2-4A88-8D1A-44B94CCDE9C6}.Debug|x86.ActiveCfg = Debug|Any CPU
		{6C923775-54C2-4A88-8D1A-44B94CCDE9C6}.Debug|x86.Build.0 = Debug|Any CPU
		{6C923775-54C2-4A88-8D1A-44B94CCDE9C6}.Release|Any CPU.ActiveCfg = Release|Any CPU
		{6C923775-54C2-4A88-8D1A-44B94CCDE9C6}.Release|Any CPU.Build.0 = Release|Any CPU
		{6C923775-54C2-4A88-8D1A-44B94CCDE9C6}.Release|x64.ActiveCfg = Release|Any CPU
		{6C923775-54C2-4A88-8D1A-44B94CCDE9C6}.Release|x64.Build.0 = Release|Any CPU
		{6C923775-54C2-4A88-8D1A-44B94CCDE9C6}.Release|x86.ActiveCfg = Release|Any CPU
		{6C923775-54C2-4A88-8D1A-44B94CCDE9C6}.Release|x86.Build.0 = Release|Any CPU
		{B177D848-C10D-4B38-AE7E-366DD960BC3C}.Debug|Any CPU.ActiveCfg = Debug|Any CPU
		{B177D848-C10D-4B38-AE7E-366DD960BC3C}.Debug|Any CPU.Build.0 = Debug|Any CPU
		{B177D848-C10D-4B38-AE7E-366DD960BC3C}.Debug|x64.ActiveCfg = Debug|Any CPU
		{B177D848-C10D-4B38-AE7E-366DD960BC3C}.Debug|x64.Build.0 = Debug|Any CPU
		{B177D848-C10D-4B38-AE7E-366DD960BC3C}.Debug|x86.ActiveCfg = Debug|Any CPU
		{B177D848-C10D-4B38-AE7E-366DD960BC3C}.Debug|x86.Build.0 = Debug|Any CPU
		{B177D848-C10D-4B38-AE7E-366DD960BC3C}.Release|Any CPU.ActiveCfg = Release|Any CPU
		{B177D848-C10D-4B38-AE7E-366DD960BC3C}.Release|Any CPU.Build.0 = Release|Any CPU
		{B177D848-C10D-4B38-AE7E-366DD960BC3C}.Release|x64.ActiveCfg = Release|Any CPU
		{B177D848-C10D-4B38-AE7E-366DD960BC3C}.Release|x64.Build.0 = Release|Any CPU
		{B177D848-C10D-4B38-AE7E-366DD960BC3C}.Release|x86.ActiveCfg = Release|Any CPU
		{B177D848-C10D-4B38-AE7E-366DD960BC3C}.Release|x86.Build.0 = Release|Any CPU
	EndGlobalSection
	GlobalSection(SolutionProperties) = preSolution
		HideSolutionNode = FALSE
	EndGlobalSection
	GlobalSection(NestedProjects) = preSolution
		{7D7FB91C-86F0-4291-BEA3-1DD3E3EF0B5F} = {E4E53147-6B1D-4492-B532-0425874E86EB}
		{74EEFC93-D5A5-4B7D-B524-275C724986A1} = {E4E53147-6B1D-4492-B532-0425874E86EB}
		{6BC4C1EC-13FE-424F-A688-D8BA9DAFE263} = {E4E53147-6B1D-4492-B532-0425874E86EB}
		{741FB455-3CB5-432D-B067-4B8F73985807} = {E4E53147-6B1D-4492-B532-0425874E86EB}
		{34544262-4A42-4C60-A3E1-CCED66316422} = {E4E53147-6B1D-4492-B532-0425874E86EB}
	EndGlobalSection
	GlobalSection(ExtensibilityGlobals) = postSolution
		SolutionGuid = {1EAD9C47-893B-4CA1-ACB5-6BF8F50A3086}
	EndGlobalSection
EndGlobal
